
Microsoft Visual Studio Solution File, Format Version 12.00
# Visual Studio Version 17
VisualStudioVersion = 17.11.35327.3
MinimumVisualStudioVersion = 10.0.40219.1
Project("{FAE04EC0-301F-11D3-BF4B-00C04F79EFBC}") = "Assignment5.2.3", "Assignment5.2.3.csproj", "{AA3AD61B-0DB5-4CAF-964F-C07BE56BF118}"
EndProject
Global
	GlobalSection(SolutionConfigurationPlatforms) = preSolution
		Debug|Any CPU = Debug|Any CPU
		Release|Any CPU = Release|Any CPU
	EndGlobalSection
	GlobalSection(ProjectConfigurationPlatforms) = postSolution
		{AA3AD61B-0DB5-4CAF-964F-C07BE56BF118}.Debug|Any CPU.ActiveCfg = Debug|Any CPU
		{AA3AD61B-0DB5-4CAF-964F-C07BE56BF118}.Debug|Any CPU.Build.0 = Debug|Any CPU
		{AA3AD61B-0DB5-4CAF-964F-C07BE56BF118}.Release|Any CPU.ActiveCfg = Release|Any CPU
		{AA3AD61B-0DB5-4CAF-964F-C07BE56BF118}.Release|Any CPU.Build.0 = Release|Any CPU
	EndGlobalSection
	GlobalSection(SolutionProperties) = preSolution
		HideSolutionNode = FALSE
	EndGlobalSection
	GlobalSection(ExtensibilityGlobals) = postSolution
		SolutionGuid = {B4758180-4CCC-49A4-8F9B-5F660A5F46DD}
	EndGlobalSection
EndGlobal
